
Microsoft Visual Studio Solution File, Format Version 12.00
# Visual Studio Version 17
VisualStudioVersion = 17.7.34031.279
MinimumVisualStudioVersion = 10.0.40219.1
Project("{FAE04EC0-301F-11D3-BF4B-00C04F79EFBC}") = "Scrum-API", "Scrum-API\Scrum-API.csproj", "{35AC95D8-BD50-4043-AB34-6457D7956651}"
EndProject
Project("{FAE04EC0-301F-11D3-BF4B-00C04F79EFBC}") = "Scrum.Core", "Scrum.Core\Scrum.Core.csproj", "{B1C2E981-5AEF-42F4-860D-B9E1A66CFDA4}"
EndProject
Project("{FAE04EC0-301F-11D3-BF4B-00C04F79EFBC}") = "Scrum.Infraestructure", "Scrum.Infraestructure\Scrum.Infraestructure.csproj", "{800E93BF-B114-4695-9EE3-0B825ADBB2AA}"
EndProject
Global
	GlobalSection(SolutionConfigurationPlatforms) = preSolution
		Debug|Any CPU = Debug|Any CPU
		Release|Any CPU = Release|Any CPU
	EndGlobalSection
	GlobalSection(ProjectConfigurationPlatforms) = postSolution
		{35AC95D8-BD50-4043-AB34-6457D7956651}.Debug|Any CPU.ActiveCfg = Debug|Any CPU
		{35AC95D8-BD50-4043-AB34-6457D7956651}.Debug|Any CPU.Build.0 = Debug|Any CPU
		{35AC95D8-BD50-4043-AB34-6457D7956651}.Release|Any CPU.ActiveCfg = Release|Any CPU
		{35AC95D8-BD50-4043-AB34-6457D7956651}.Release|Any CPU.Build.0 = Release|Any CPU
		{B1C2E981-5AEF-42F4-860D-B9E1A66CFDA4}.Debug|Any CPU.ActiveCfg = Debug|Any CPU
		{B1C2E981-5AEF-42F4-860D-B9E1A66CFDA4}.Debug|Any CPU.Build.0 = Debug|Any CPU
		{B1C2E981-5AEF-42F4-860D-B9E1A66CFDA4}.Release|Any CPU.ActiveCfg = Release|Any CPU
		{B1C2E981-5AEF-42F4-860D-B9E1A66CFDA4}.Release|Any CPU.Build.0 = Release|Any CPU
		{800E93BF-B114-4695-9EE3-0B825ADBB2AA}.Debug|Any CPU.ActiveCfg = Debug|Any CPU
		{800E93BF-B114-4695-9EE3-0B825ADBB2AA}.Debug|Any CPU.Build.0 = Debug|Any CPU
		{800E93BF-B114-4695-9EE3-0B825ADBB2AA}.Release|Any CPU.ActiveCfg = Release|Any CPU
		{800E93BF-B114-4695-9EE3-0B825ADBB2AA}.Release|Any CPU.Build.0 = Release|Any CPU
	EndGlobalSection
	GlobalSection(SolutionProperties) = preSolution
		HideSolutionNode = FALSE
	EndGlobalSection
	GlobalSection(ExtensibilityGlobals) = postSolution
		SolutionGuid = {9F2736B9-D0D8-490B-A1FA-4477EAD72786}
	EndGlobalSection
EndGlobal
